// !$*UTF8*$!
{
	archiveVersion = 1;
	classes = {
	};
	objectVersion = 50;
	objects = {

/* Begin PBXBuildFile section */
		0C2322EA20C855B000D4A884 /* AppDelegate.swift in Sources */ = {isa = PBXBuildFile; fileRef = 0C2322E920C855B000D4A884 /* AppDelegate.swift */; };
		0C2322EC20C855B000D4A884 /* ViewController.swift in Sources */ = {isa = PBXBuildFile; fileRef = 0C2322EB20C855B000D4A884 /* ViewController.swift */; };
		0C2322EF20C855B000D4A884 /* Main.storyboard in Resources */ = {isa = PBXBuildFile; fileRef = 0C2322ED20C855B000D4A884 /* Main.storyboard */; };
		0C2322F120C855B100D4A884 /* Assets.xcassets in Resources */ = {isa = PBXBuildFile; fileRef = 0C2322F020C855B100D4A884 /* Assets.xcassets */; };
		0C2322F420C855B100D4A884 /* LaunchScreen.storyboard in Resources */ = {isa = PBXBuildFile; fileRef = 0C2322F220C855B100D4A884 /* LaunchScreen.storyboard */; };
		0C2322FC20C8563200D4A884 /* PriceData.mlmodel in Sources */ = {isa = PBXBuildFile; fileRef = 0C2322FB20C8563200D4A884 /* PriceData.mlmodel */; };
/* End PBXBuildFile section */

/* Begin PBXFileReference section */
		0C2322E620C855B000D4A884 /* MyMLProject.app */ = {isa = PBXFileReference; explicitFileType = wrapper.application; includeInIndex = 0; path = MyMLProject.app; sourceTree = BUILT_PRODUCTS_DIR; };
		0C2322E920C855B000D4A884 /* AppDelegate.swift */ = {isa = PBXFileReference; lastKnownFileType = sourcecode.swift; path = AppDelegate.swift; sourceTree = "<group>"; };
		0C2322EB20C855B000D4A884 /* ViewController.swift */ = {isa = PBXFileReference; lastKnownFileType = sourcecode.swift; path = ViewController.swift; sourceTree = "<group>"; };
		0C2322EE20C855B000D4A884 /* Base */ = {isa = PBXFileReference; lastKnownFileType = file.storyboard; name = Base; path = Base.lproj/Main.storyboard; sourceTree = "<group>"; };
		0C2322F020C855B100D4A884 /* Assets.xcassets */ = {isa = PBXFileReference; lastKnownFileType = folder.assetcatalog; path = Assets.xcassets; sourceTree = "<group>"; };
		0C2322F320C855B100D4A884 /* Base */ = {isa = PBXFileReference; lastKnownFileType = file.storyboard; name = Base; path = Base.lproj/LaunchScreen.storyboard; sourceTree = "<group>"; };
		0C2322F520C855B100D4A884 /* Info.plist */ = {isa = PBXFileReference; lastKnownFileType = text.plist.xml; path = Info.plist; sourceTree = "<group>"; };
		0C2322FB20C8563200D4A884 /* PriceData.mlmodel */ = {isa = PBXFileReference; lastKnownFileType = file.mlmodel; path = PriceData.mlmodel; sourceTree = "<group>"; };
/* End PBXFileReference section */

/* Begin PBXFrameworksBuildPhase section */
		0C2322E320C855B000D4A884 /* Frameworks */ = {
			isa = PBXFrameworksBuildPhase;
			buildActionMask = 2147483647;
			files = (
			);
			runOnlyForDeploymentPostprocessing = 0;
		};
/* End PBXFrameworksBuildPhase section */

/* Begin PBXGroup section */
		0C2322DD20C855B000D4A884 = {
			isa = PBXGroup;
			children = (
				0C2322E820C855B000D4A884 /* MyMLProject */,
				0C2322E720C855B000D4A884 /* Products */,
			);
			sourceTree = "<group>";
		};
		0C2322E720C855B000D4A884 /* Products */ = {
			isa = PBXGroup;
			children = (
				0C2322E620C855B000D4A884 /* MyMLProject.app */,
			);
			name = Products;
			sourceTree = "<group>";
		};
		0C2322E820C855B000D4A884 /* MyMLProject */ = {
			isa = PBXGroup;
			children = (
				0C2322FB20C8563200D4A884 /* PriceData.mlmodel */,
				0C2322E920C855B000D4A884 /* AppDelegate.swift */,
				0C2322EB20C855B000D4A884 /* ViewController.swift */,
				0C2322ED20C855B000D4A884 /* Main.storyboard */,
				0C2322F020C855B100D4A884 /* Assets.xcassets */,
				0C2322F220C855B100D4A884 /* LaunchScreen.storyboard */,
				0C2322F520C855B100D4A884 /* Info.plist */,
			);
			path = MyMLProject;
			sourceTree = "<group>";
		};
/* End PBXGroup section */

/* Begin PBXNativeTarget section */
		0C2322E520C855B000D4A884 /* MyMLProject */ = {
			isa = PBXNativeTarget;
			buildConfigurationList = 0C2322F820C855B100D4A884 /* Build configuration list for PBXNativeTarget "MyMLProject" */;
			buildPhases = (
				0C2322E220C855B000D4A884 /* Sources */,
				0C2322E320C855B000D4A884 /* Frameworks */,
				0C2322E420C855B000D4A884 /* Resources */,
			);
			buildRules = (
			);
			dependencies = (
			);
			name = MyMLProject;
			productName = MyMLProject;
			productReference = 0C2322E620C855B000D4A884 /* MyMLProject.app */;
			productType = "com.apple.product-type.application";
		};
/* End PBXNativeTarget section */

/* Begin PBXProject section */
		0C2322DE20C855B000D4A884 /* Project object */ = {
			isa = PBXProject;
			attributes = {
				LastSwiftUpdateCheck = 1000;
				LastUpgradeCheck = 1000;
				ORGANIZATIONNAME = "Ruben Fernandez";
				TargetAttributes = {
					0C2322E520C855B000D4A884 = {
						CreatedOnToolsVersion = 10.0;
					};
				};
			};
			buildConfigurationList = 0C2322E120C855B000D4A884 /* Build configuration list for PBXProject "MyMLProject" */;
			compatibilityVersion = "Xcode 9.3";
			developmentRegion = en;
			hasScannedForEncodings = 0;
			knownRegions = (
				en,
				Base,
			);
			mainGroup = 0C2322DD20C855B000D4A884;
			productRefGroup = 0C2322E720C855B000D4A884 /* Products */;
			projectDirPath = "";
			projectRoot = "";
			targets = (
				0C2322E520C855B000D4A884 /* MyMLProject */,
			);
		};
/* End PBXProject section */

/* Begin PBXResourcesBuildPhase section */
		0C2322E420C855B000D4A884 /* Resources */ = {
			isa = PBXResourcesBuildPhase;
			buildActionMask = 2147483647;
			files = (
				0C2322F420C855B100D4A884 /* LaunchScreen.storyboard in Resources */,
				0C2322F120C855B100D4A884 /* Assets.xcassets in Resources */,
				0C2322EF20C855B000D4A884 /* Main.storyboard in Resources */,
			);
			runOnlyForDeploymentPostprocessing = 0;
		};
/* End PBXResourcesBuildPhase section */

/* Begin PBXSourcesBuildPhase section */
		0C2322E220C855B000D4A884 /* Sources */ = {
			isa = PBXSourcesBuildPhase;
			buildActionMask = 2147483647;
			files = (
				0C2322FC20C8563200D4A884 /* PriceData.mlmodel in Sources */,
				0C2322EC20C855B000D4A884 /* ViewController.swift in Sources */,
				0C2322EA20C855B000D4A884 /* AppDelegate.swift in Sources */,
			);
			runOnlyForDeploymentPostprocessing = 0;
		};
/* End PBXSourcesBuildPhase section */

/* Begin PBXVariantGroup section */
		0C2322ED20C855B000D4A884 /* Main.storyboard */ = {
			isa = PBXVariantGroup;
			children = (
				0C2322EE20C855B000D4A884 /* Base */,
			);
			name = Main.storyboard;
			sourceTree = "<group>";
		};
		0C2322F220C855B100D4A884 /* LaunchScreen.storyboard */ = {
			isa = PBXVariantGroup;
			children = (
				0C2322F320C855B100D4A884 /* Base */,
			);
			name = LaunchScreen.storyboard;
			sourceTree = "<group>";
		};
/* End PBXVariantGroup section */

/* Begin XCBuildConfiguration section */
		0C2322F620C855B100D4A884 /* Debug */ = {
			isa = XCBuildConfiguration;
			buildSettings = {
				ALWAYS_SEARCH_USER_PATHS = NO;
				CLANG_ANALYZER_NONNULL = YES;
				CLANG_ANALYZER_NUMBER_OBJECT_CONVERSION = YES_AGGRESSIVE;
				CLANG_CXX_LANGUAGE_STANDARD = "gnu++14";
				CLANG_CXX_LIBRARY = "libc++";
				CLANG_ENABLE_MODULES = YES;
				CLANG_ENABLE_OBJC_ARC = YES;
				CLANG_ENABLE_OBJC_WEAK = YES;
				CLANG_WARN_BLOCK_CAPTURE_AUTORELEASING = YES;
				CLANG_WARN_BOOL_CONVERSION = YES;
				CLANG_WARN_COMMA = YES;
				CLANG_WARN_CONSTANT_CONVERSION = YES;
				CLANG_WARN_DEPRECATED_OBJC_IMPLEMENTATIONS = YES;
				CLANG_WARN_DIRECT_OBJC_ISA_USAGE = YES_ERROR;
				CLANG_WARN_DOCUMENTATION_COMMENTS = YES;
				CLANG_WARN_EMPTY_BODY = YES;
				CLANG_WARN_ENUM_CONVERSION = YES;
				CLANG_WARN_INFINITE_RECURSION = YES;
				CLANG_WARN_INT_CONVERSION = YES;
				CLANG_WARN_NON_LITERAL_NULL_CONVERSION = YES;
				CLANG_WARN_OBJC_IMPLICIT_RETAIN_SELF = YES;
				CLANG_WARN_OBJC_LITERAL_CONVERSION = YES;
				CLANG_WARN_OBJC_ROOT_CLASS = YES_ERROR;
				CLANG_WARN_RANGE_LOOP_ANALYSIS = YES;
				CLANG_WARN_STRICT_PROTOTYPES = YES;
				CLANG_WARN_SUSPICIOUS_MOVE = YES;
				CLANG_WARN_UNGUARDED_AVAILABILITY = YES_AGGRESSIVE;
				CLANG_WARN_UNREACHABLE_CODE = YES;
				CLANG_WARN__DUPLICATE_METHOD_MATCH = YES;
				CODE_SIGN_IDENTITY = "iPhone Developer";
				COPY_PHASE_STRIP = NO;
				DEBUG_INFORMATION_FORMAT = dwarf;
				ENABLE_STRICT_OBJC_MSGSEND = YES;
				ENABLE_TESTABILITY = YES;
				GCC_C_LANGUAGE_STANDARD = gnu11;
				GCC_DYNAMIC_NO_PIC = NO;
				GCC_NO_COMMON_BLOCKS = YES;
				GCC_OPTIMIZATION_LEVEL = 0;
				GCC_PREPROCESSOR_DEFINITIONS = (
					"DEBUG=1",
					"$(inherited)",
				);
				GCC_WARN_64_TO_32_BIT_CONVERSION = YES;
				GCC_WARN_ABOUT_RETURN_TYPE = YES_ERROR;
				GCC_WARN_UNDECLARED_SELECTOR = YES;
				GCC_WARN_UNINITIALIZED_AUTOS = YES_AGGRESSIVE;
				GCC_WARN_UNUSED_FUNCTION = YES;
				GCC_WARN_UNUSED_VARIABLE = YES;
				IPHONEOS_DEPLOYMENT_TARGET = 12.0;
				MTL_ENABLE_DEBUG_INFO = INCLUDE_SOURCE;
				ONLY_ACTIVE_ARCH = YES;
				SDKROOT = iphoneos;
				SWIFT_ACTIVE_COMPILATION_CONDITIONS = DEBUG;
				SWIFT_OPTIMIZATION_LEVEL = "-Onone";
			};
			name = Debug;
		};
		0C2322F720C855B100D4A884 /* Release */ = {
			isa = XCBuildConfiguration;
			buildSettings = {
				ALWAYS_SEARCH_USER_PATHS = NO;
				CLANG_ANALYZER_NONNULL = YES;
				CLANG_ANALYZER_NUMBER_OBJECT_CONVERSION = YES_AGGRESSIVE;
				CLANG_CXX_LANGUAGE_STANDARD = "gnu++14";
				CLANG_CXX_LIBRARY = "libc++";
				CLANG_ENABLE_MODULES = YES;
				CLANG_ENABLE_OBJC_ARC = YES;
				CLANG_ENABLE_OBJC_WEAK = YES;
				CLANG_WARN_BLOCK_CAPTURE_AUTORELEASING = YES;
				CLANG_WARN_BOOL_CONVERSION = YES;
				CLANG_WARN_COMMA = YES;
				CLANG_WARN_CONSTANT_CONVERSION = YES;
				CLANG_WARN_DEPRECATED_OBJC_IMPLEMENTATIONS = YES;
				CLANG_WARN_DIRECT_OBJC_ISA_USAGE = YES_ERROR;
				CLANG_WARN_DOCUMENTATION_COMMENTS = YES;
				CLANG_WARN_EMPTY_BODY = YES;
				CLANG_WARN_ENUM_CONVERSION = YES;
				CLANG_WARN_INFINITE_RECURSION = YES;
				CLANG_WARN_INT_CONVERSION = YES;
				CLANG_WARN_NON_LITERAL_NULL_CONVERSION = YES;
				CLANG_WARN_OBJC_IMPLICIT_RETAIN_SELF = YES;
				CLANG_WARN_OBJC_LITERAL_CONVERSION = YES;
				CLANG_WARN_OBJC_ROOT_CLASS = YES_ERROR;
				CLANG_WARN_RANGE_LOOP_ANALYSIS = YES;
				CLANG_WARN_STRICT_PROTOTYPES = YES;
				CLANG_WARN_SUSPICIOUS_MOVE = YES;
				CLANG_WARN_UNGUARDED_AVAILABILITY = YES_AGGRESSIVE;
				CLANG_WARN_UNREACHABLE_CODE = YES;
				CLANG_WARN__DUPLICATE_METHOD_MATCH = YES;
				CODE_SIGN_IDENTITY = "iPhone Developer";
				COPY_PHASE_STRIP = NO;
				DEBUG_INFORMATION_FORMAT = "dwarf-with-dsym";
				ENABLE_NS_ASSERTIONS = NO;
				ENABLE_STRICT_OBJC_MSGSEND = YES;
				GCC_C_LANGUAGE_STANDARD = gnu11;
				GCC_NO_COMMON_BLOCKS = YES;
				GCC_WARN_64_TO_32_BIT_CONVERSION = YES;
				GCC_WARN_ABOUT_RETURN_TYPE = YES_ERROR;
				GCC_WARN_UNDECLARED_SELECTOR = YES;
				GCC_WARN_UNINITIALIZED_AUTOS = YES_AGGRESSIVE;
				GCC_WARN_UNUSED_FUNCTION = YES;
				GCC_WARN_UNUSED_VARIABLE = YES;
				IPHONEOS_DEPLOYMENT_TARGET = 12.0;
				MTL_ENABLE_DEBUG_INFO = NO;
				SDKROOT = iphoneos;
				SWIFT_COMPILATION_MODE = wholemodule;
				SWIFT_OPTIMIZATION_LEVEL = "-O";
				VALIDATE_PRODUCT = YES;
			};
			name = Release;
		};
		0C2322F920C855B100D4A884 /* Debug */ = {
			isa = XCBuildConfiguration;
			buildSettings = {
				ASSETCATALOG_COMPILER_APPICON_NAME = AppIcon;
				CODE_SIGN_STYLE = Automatic;
				DEVELOPMENT_TEAM = M92GJ8T2S2;
				INFOPLIST_FILE = MyMLProject/Info.plist;
				LD_RUNPATH_SEARCH_PATHS = (
					"$(inherited)",
					"@executable_path/Frameworks",
				);
				PRODUCT_BUNDLE_IDENTIFIER = com.rubenfernandez.MyMLProject;
				PRODUCT_NAME = "$(TARGET_NAME)";
				SWIFT_VERSION = 4.2;
				TARGETED_DEVICE_FAMILY = "1,2";
			};
			name = Debug;
		};
		0C2322FA20C855B100D4A884 /* Release */ = {
			isa = XCBuildConfiguration;
			buildSettings = {
				ASSETCATALOG_COMPILER_APPICON_NAME = AppIcon;
				CODE_SIGN_STYLE = Automatic;
				DEVELOPMENT_TEAM = M92GJ8T2S2;
				INFOPLIST_FILE = MyMLProject/Info.plist;
				LD_RUNPATH_SEARCH_PATHS = (
					"$(inherited)",
					"@executable_path/Frameworks",
				);
				PRODUCT_BUNDLE_IDENTIFIER = com.rubenfernandez.MyMLProject;
				PRODUCT_NAME = "$(TARGET_NAME)";
				SWIFT_VERSION = 4.2;
				TARGETED_DEVICE_FAMILY = "1,2";
			};
			name = Release;
		};
/* End XCBuildConfiguration section */

/* Begin XCConfigurationList section */
		0C2322E120C855B000D4A884 /* Build configuration list for PBXProject "MyMLProject" */ = {
			isa = XCConfigurationList;
			buildConfigurations = (
				0C2322F620C855B100D4A884 /* Debug */,
				0C2322F720C855B100D4A884 /* Release */,
			);
			defaultConfigurationIsVisible = 0;
			defaultConfigurationName = Release;
		};
		0C2322F820C855B100D4A884 /* Build configuration list for PBXNativeTarget "MyMLProject" */ = {
			isa = XCConfigurationList;
			buildConfigurations = (
				0C2322F920C855B100D4A884 /* Debug */,
				0C2322FA20C855B100D4A884 /* Release */,
			);
			defaultConfigurationIsVisible = 0;
			defaultConfigurationName = Release;
		};
/* End XCConfigurationList section */
	};
	rootObject = 0C2322DE20C855B000D4A884 /* Project object */;
}
